// !$*UTF8*$!
{
	archiveVersion = 1;
	classes = {
	};
	objectVersion = 46;
	objects = {

/* Begin PBXBuildFile section */
		18F25AD21CAB783400E52008 /* HeadView.swift in Sources */ = {isa = PBXBuildFile; fileRef = 18F25AD11CAB783400E52008 /* HeadView.swift */; };
		18F25AD41CAB784400E52008 /* HeadView.xib in Resources */ = {isa = PBXBuildFile; fileRef = 18F25AD31CAB784400E52008 /* HeadView.xib */; };
		4025FB4F1CA8F0AD0083F598 /* AppDelegate.swift in Sources */ = {isa = PBXBuildFile; fileRef = 4025FB4E1CA8F0AD0083F598 /* AppDelegate.swift */; };
		4025FB511CA8F0AD0083F598 /* ViewController.swift in Sources */ = {isa = PBXBuildFile; fileRef = 4025FB501CA8F0AD0083F598 /* ViewController.swift */; };
		4025FB541CA8F0AD0083F598 /* Main.storyboard in Resources */ = {isa = PBXBuildFile; fileRef = 4025FB521CA8F0AD0083F598 /* Main.storyboard */; };
		4025FB561CA8F0AD0083F598 /* Assets.xcassets in Resources */ = {isa = PBXBuildFile; fileRef = 4025FB551CA8F0AD0083F598 /* Assets.xcassets */; };
		4025FB591CA8F0AD0083F598 /* LaunchScreen.storyboard in Resources */ = {isa = PBXBuildFile; fileRef = 4025FB571CA8F0AD0083F598 /* LaunchScreen.storyboard */; };
		4025FB641CA8F0AD0083F598 /* SinaWeiboPersonalPageTests.swift in Sources */ = {isa = PBXBuildFile; fileRef = 4025FB631CA8F0AD0083F598 /* SinaWeiboPersonalPageTests.swift */; };
		4025FB6F1CA8F0AE0083F598 /* SinaWeiboPersonalPageUITests.swift in Sources */ = {isa = PBXBuildFile; fileRef = 4025FB6E1CA8F0AE0083F598 /* SinaWeiboPersonalPageUITests.swift */; };
		4025FB7D1CA8F1290083F598 /* PersonPageViewController.swift in Sources */ = {isa = PBXBuildFile; fileRef = 4025FB7C1CA8F1290083F598 /* PersonPageViewController.swift */; };
		4025FB801CA8F8850083F598 /* UIViewController+ChildExtension.swift in Sources */ = {isa = PBXBuildFile; fileRef = 4025FB7F1CA8F8850083F598 /* UIViewController+ChildExtension.swift */; };
		4025FB841CA8FC960083F598 /* PersonalTableViewController.swift in Sources */ = {isa = PBXBuildFile; fileRef = 4025FB831CA8FC960083F598 /* PersonalTableViewController.swift */; };
		4025FB8A1CA8FED20083F598 /* wuyanzu.jpg in Resources */ = {isa = PBXBuildFile; fileRef = 4025FB891CA8FED20083F598 /* wuyanzu.jpg */; };
		4025FB8D1CA8FF2B0083F598 /* AppConstants.swift in Sources */ = {isa = PBXBuildFile; fileRef = 4025FB8C1CA8FF2B0083F598 /* AppConstants.swift */; };
		4025FB8F1CA8FFFB0083F598 /* HotWeiboTableViewCell.swift in Sources */ = {isa = PBXBuildFile; fileRef = 4025FB8E1CA8FFFB0083F598 /* HotWeiboTableViewCell.swift */; };
		4025FB911CA9000F0083F598 /* HotWeiboTableViewCell.xib in Resources */ = {isa = PBXBuildFile; fileRef = 4025FB901CA9000F0083F598 /* HotWeiboTableViewCell.xib */; };
		4025FB951CA901250083F598 /* ReuseIdentifierProtocol.swift in Sources */ = {isa = PBXBuildFile; fileRef = 4025FB941CA901250083F598 /* ReuseIdentifierProtocol.swift */; };
		4025FB971CA907A60083F598 /* SwitchView.swift in Sources */ = {isa = PBXBuildFile; fileRef = 4025FB961CA907A60083F598 /* SwitchView.swift */; };
		4025FB991CA90AAA0083F598 /* WeiboTableViewController.swift in Sources */ = {isa = PBXBuildFile; fileRef = 4025FB981CA90AAA0083F598 /* WeiboTableViewController.swift */; };
		4025FB9B1CA90AEA0083F598 /* NormalWeiboTableViewCell.swift in Sources */ = {isa = PBXBuildFile; fileRef = 4025FB9A1CA90AEA0083F598 /* NormalWeiboTableViewCell.swift */; };
		4025FB9D1CA90AFC0083F598 /* NormalWeiboTableViewCell.xib in Resources */ = {isa = PBXBuildFile; fileRef = 4025FB9C1CA90AFC0083F598 /* NormalWeiboTableViewCell.xib */; };
/* End PBXBuildFile section */

/* Begin PBXContainerItemProxy section */
		4025FB601CA8F0AD0083F598 /* PBXContainerItemProxy */ = {
			isa = PBXContainerItemProxy;
			containerPortal = 4025FB431CA8F0AD0083F598 /* Project object */;
			proxyType = 1;
			remoteGlobalIDString = 4025FB4A1CA8F0AD0083F598;
			remoteInfo = SinaWeiboPersonalPage;
		};
		4025FB6B1CA8F0AE0083F598 /* PBXContainerItemProxy */ = {
			isa = PBXContainerItemProxy;
			containerPortal = 4025FB431CA8F0AD0083F598 /* Project object */;
			proxyType = 1;
			remoteGlobalIDString = 4025FB4A1CA8F0AD0083F598;
			remoteInfo = SinaWeiboPersonalPage;
		};
/* End PBXContainerItemProxy section */

/* Begin PBXFileReference section */
		18F25AD11CAB783400E52008 /* HeadView.swift */ = {isa = PBXFileReference; fileEncoding = 4; lastKnownFileType = sourcecode.swift; path = HeadView.swift; sourceTree = "<group>"; };
		18F25AD31CAB784400E52008 /* HeadView.xib */ = {isa = PBXFileReference; fileEncoding = 4; lastKnownFileType = file.xib; path = HeadView.xib; sourceTree = "<group>"; };
		4025FB4B1CA8F0AD0083F598 /* SinaWeiboPersonalPage.app */ = {isa = PBXFileReference; explicitFileType = wrapper.application; includeInIndex = 0; path = SinaWeiboPersonalPage.app; sourceTree = BUILT_PRODUCTS_DIR; };
		4025FB4E1CA8F0AD0083F598 /* AppDelegate.swift */ = {isa = PBXFileReference; lastKnownFileType = sourcecode.swift; path = AppDelegate.swift; sourceTree = "<group>"; };
		4025FB501CA8F0AD0083F598 /* ViewController.swift */ = {isa = PBXFileReference; lastKnownFileType = sourcecode.swift; path = ViewController.swift; sourceTree = "<group>"; };
		4025FB531CA8F0AD0083F598 /* Base */ = {isa = PBXFileReference; lastKnownFileType = file.storyboard; name = Base; path = Base.lproj/Main.storyboard; sourceTree = "<group>"; };
		4025FB551CA8F0AD0083F598 /* Assets.xcassets */ = {isa = PBXFileReference; lastKnownFileType = folder.assetcatalog; path = Assets.xcassets; sourceTree = "<group>"; };
		4025FB581CA8F0AD0083F598 /* Base */ = {isa = PBXFileReference; lastKnownFileType = file.storyboard; name = Base; path = Base.lproj/LaunchScreen.storyboard; sourceTree = "<group>"; };
		4025FB5A1CA8F0AD0083F598 /* Info.plist */ = {isa = PBXFileReference; lastKnownFileType = text.plist.xml; path = Info.plist; sourceTree = "<group>"; };
		4025FB5F1CA8F0AD0083F598 /* SinaWeiboPersonalPageTests.xctest */ = {isa = PBXFileReference; explicitFileType = wrapper.cfbundle; includeInIndex = 0; path = SinaWeiboPersonalPageTests.xctest; sourceTree = BUILT_PRODUCTS_DIR; };
		4025FB631CA8F0AD0083F598 /* SinaWeiboPersonalPageTests.swift */ = {isa = PBXFileReference; lastKnownFileType = sourcecode.swift; path = SinaWeiboPersonalPageTests.swift; sourceTree = "<group>"; };
		4025FB651CA8F0AE0083F598 /* Info.plist */ = {isa = PBXFileReference; lastKnownFileType = text.plist.xml; path = Info.plist; sourceTree = "<group>"; };
		4025FB6A1CA8F0AE0083F598 /* SinaWeiboPersonalPageUITests.xctest */ = {isa = PBXFileReference; explicitFileType = wrapper.cfbundle; includeInIndex = 0; path = SinaWeiboPersonalPageUITests.xctest; sourceTree = BUILT_PRODUCTS_DIR; };
		4025FB6E1CA8F0AE0083F598 /* SinaWeiboPersonalPageUITests.swift */ = {isa = PBXFileReference; lastKnownFileType = sourcecode.swift; path = SinaWeiboPersonalPageUITests.swift; sourceTree = "<group>"; };
		4025FB701CA8F0AE0083F598 /* Info.plist */ = {isa = PBXFileReference; lastKnownFileType = text.plist.xml; path = Info.plist; sourceTree = "<group>"; };
		4025FB7C1CA8F1290083F598 /* PersonPageViewController.swift */ = {isa = PBXFileReference; fileEncoding = 4; lastKnownFileType = sourcecode.swift; path = PersonPageViewController.swift; sourceTree = "<group>"; };
		4025FB7F1CA8F8850083F598 /* UIViewController+ChildExtension.swift */ = {isa = PBXFileReference; fileEncoding = 4; lastKnownFileType = sourcecode.swift; path = "UIViewController+ChildExtension.swift"; sourceTree = "<group>"; };
		4025FB831CA8FC960083F598 /* PersonalTableViewController.swift */ = {isa = PBXFileReference; fileEncoding = 4; lastKnownFileType = sourcecode.swift; path = PersonalTableViewController.swift; sourceTree = "<group>"; };
		4025FB891CA8FED20083F598 /* wuyanzu.jpg */ = {isa = PBXFileReference; lastKnownFileType = image.jpeg; path = wuyanzu.jpg; sourceTree = "<group>"; };
		4025FB8C1CA8FF2B0083F598 /* AppConstants.swift */ = {isa = PBXFileReference; fileEncoding = 4; lastKnownFileType = sourcecode.swift; path = AppConstants.swift; sourceTree = "<group>"; };
		4025FB8E1CA8FFFB0083F598 /* HotWeiboTableViewCell.swift */ = {isa = PBXFileReference; fileEncoding = 4; lastKnownFileType = sourcecode.swift; path = HotWeiboTableViewCell.swift; sourceTree = "<group>"; };
		4025FB901CA9000F0083F598 /* HotWeiboTableViewCell.xib */ = {isa = PBXFileReference; fileEncoding = 4; lastKnownFileType = file.xib; path = HotWeiboTableViewCell.xib; sourceTree = "<group>"; };
		4025FB941CA901250083F598 /* ReuseIdentifierProtocol.swift */ = {isa = PBXFileReference; fileEncoding = 4; lastKnownFileType = sourcecode.swift; path = ReuseIdentifierProtocol.swift; sourceTree = "<group>"; };
		4025FB961CA907A60083F598 /* SwitchView.swift */ = {isa = PBXFileReference; fileEncoding = 4; lastKnownFileType = sourcecode.swift; path = SwitchView.swift; sourceTree = "<group>"; };
		4025FB981CA90AAA0083F598 /* WeiboTableViewController.swift */ = {isa = PBXFileReference; fileEncoding = 4; lastKnownFileType = sourcecode.swift; path = WeiboTableViewController.swift; sourceTree = "<group>"; };
		4025FB9A1CA90AEA0083F598 /* NormalWeiboTableViewCell.swift */ = {isa = PBXFileReference; fileEncoding = 4; lastKnownFileType = sourcecode.swift; path = NormalWeiboTableViewCell.swift; sourceTree = "<group>"; };
		4025FB9C1CA90AFC0083F598 /* NormalWeiboTableViewCell.xib */ = {isa = PBXFileReference; fileEncoding = 4; lastKnownFileType = file.xib; path = NormalWeiboTableViewCell.xib; sourceTree = "<group>"; };
/* End PBXFileReference section */

/* Begin PBXFrameworksBuildPhase section */
		4025FB481CA8F0AD0083F598 /* Frameworks */ = {
			isa = PBXFrameworksBuildPhase;
			buildActionMask = 2147483647;
			files = (
			);
			runOnlyForDeploymentPostprocessing = 0;
		};
		4025FB5C1CA8F0AD0083F598 /* Frameworks */ = {
			isa = PBXFrameworksBuildPhase;
			buildActionMask = 2147483647;
			files = (
			);
			runOnlyForDeploymentPostprocessing = 0;
		};
		4025FB671CA8F0AE0083F598 /* Frameworks */ = {
			isa = PBXFrameworksBuildPhase;
			buildActionMask = 2147483647;
			files = (
			);
			runOnlyForDeploymentPostprocessing = 0;
		};
/* End PBXFrameworksBuildPhase section */

/* Begin PBXGroup section */
		4025FB421CA8F0AD0083F598 = {
			isa = PBXGroup;
			children = (
				4025FB4D1CA8F0AD0083F598 /* SinaWeiboPersonalPage */,
				4025FB621CA8F0AD0083F598 /* SinaWeiboPersonalPageTests */,
				4025FB6D1CA8F0AE0083F598 /* SinaWeiboPersonalPageUITests */,
				4025FB4C1CA8F0AD0083F598 /* Products */,
			);
			sourceTree = "<group>";
		};
		4025FB4C1CA8F0AD0083F598 /* Products */ = {
			isa = PBXGroup;
			children = (
				4025FB4B1CA8F0AD0083F598 /* SinaWeiboPersonalPage.app */,
				4025FB5F1CA8F0AD0083F598 /* SinaWeiboPersonalPageTests.xctest */,
				4025FB6A1CA8F0AE0083F598 /* SinaWeiboPersonalPageUITests.xctest */,
			);
			name = Products;
			sourceTree = "<group>";
		};
		4025FB4D1CA8F0AD0083F598 /* SinaWeiboPersonalPage */ = {
			isa = PBXGroup;
			children = (
				4025FB931CA901160083F598 /* Protocol */,
				4025FB921CA900D90083F598 /* ViewController */,
				4025FB8B1CA8FF210083F598 /* Util */,
				4025FB881CA8FEC60083F598 /* Resource */,
				4025FB871CA8FE440083F598 /* View */,
				4025FB7E1CA8F8730083F598 /* Category */,
				4025FB4E1CA8F0AD0083F598 /* AppDelegate.swift */,
				4025FB521CA8F0AD0083F598 /* Main.storyboard */,
				4025FB551CA8F0AD0083F598 /* Assets.xcassets */,
				4025FB571CA8F0AD0083F598 /* LaunchScreen.storyboard */,
				4025FB5A1CA8F0AD0083F598 /* Info.plist */,
			);
			path = SinaWeiboPersonalPage;
			sourceTree = "<group>";
		};
		4025FB621CA8F0AD0083F598 /* SinaWeiboPersonalPageTests */ = {
			isa = PBXGroup;
			children = (
				4025FB631CA8F0AD0083F598 /* SinaWeiboPersonalPageTests.swift */,
				4025FB651CA8F0AE0083F598 /* Info.plist */,
			);
			path = SinaWeiboPersonalPageTests;
			sourceTree = "<group>";
		};
		4025FB6D1CA8F0AE0083F598 /* SinaWeiboPersonalPageUITests */ = {
			isa = PBXGroup;
			children = (
				4025FB6E1CA8F0AE0083F598 /* SinaWeiboPersonalPageUITests.swift */,
				4025FB701CA8F0AE0083F598 /* Info.plist */,
			);
			path = SinaWeiboPersonalPageUITests;
			sourceTree = "<group>";
		};
		4025FB7E1CA8F8730083F598 /* Category */ = {
			isa = PBXGroup;
			children = (
				4025FB7F1CA8F8850083F598 /* UIViewController+ChildExtension.swift */,
			);
			name = Category;
			sourceTree = "<group>";
		};
		4025FB871CA8FE440083F598 /* View */ = {
			isa = PBXGroup;
			children = (
				18F25AD11CAB783400E52008 /* HeadView.swift */,
				4025FB8E1CA8FFFB0083F598 /* HotWeiboTableViewCell.swift */,
				4025FB901CA9000F0083F598 /* HotWeiboTableViewCell.xib */,
				4025FB9A1CA90AEA0083F598 /* NormalWeiboTableViewCell.swift */,
				4025FB9C1CA90AFC0083F598 /* NormalWeiboTableViewCell.xib */,
				4025FB961CA907A60083F598 /* SwitchView.swift */,
				18F25AD31CAB784400E52008 /* HeadView.xib */,
			);
			name = View;
			sourceTree = "<group>";
		};
		4025FB881CA8FEC60083F598 /* Resource */ = {
			isa = PBXGroup;
			children = (
				4025FB891CA8FED20083F598 /* wuyanzu.jpg */,
			);
			name = Resource;
			sourceTree = "<group>";
		};
		4025FB8B1CA8FF210083F598 /* Util */ = {
			isa = PBXGroup;
			children = (
				4025FB8C1CA8FF2B0083F598 /* AppConstants.swift */,
			);
			name = Util;
			sourceTree = "<group>";
		};
		4025FB921CA900D90083F598 /* ViewController */ = {
			isa = PBXGroup;
			children = (
				4025FB501CA8F0AD0083F598 /* ViewController.swift */,
				4025FB7C1CA8F1290083F598 /* PersonPageViewController.swift */,
				4025FB831CA8FC960083F598 /* PersonalTableViewController.swift */,
				4025FB981CA90AAA0083F598 /* WeiboTableViewController.swift */,
			);
			name = ViewController;
			sourceTree = "<group>";
		};
		4025FB931CA901160083F598 /* Protocol */ = {
			isa = PBXGroup;
			children = (
				4025FB941CA901250083F598 /* ReuseIdentifierProtocol.swift */,
			);
			name = Protocol;
			sourceTree = "<group>";
		};
/* End PBXGroup section */

/* Begin PBXNativeTarget section */
		4025FB4A1CA8F0AD0083F598 /* SinaWeiboPersonalPage */ = {
			isa = PBXNativeTarget;
			buildConfigurationList = 4025FB731CA8F0AE0083F598 /* Build configuration list for PBXNativeTarget "SinaWeiboPersonalPage" */;
			buildPhases = (
				4025FB471CA8F0AD0083F598 /* Sources */,
				4025FB481CA8F0AD0083F598 /* Frameworks */,
				4025FB491CA8F0AD0083F598 /* Resources */,
			);
			buildRules = (
			);
			dependencies = (
			);
			name = SinaWeiboPersonalPage;
			productName = SinaWeiboPersonalPage;
			productReference = 4025FB4B1CA8F0AD0083F598 /* SinaWeiboPersonalPage.app */;
			productType = "com.apple.product-type.application";
		};
		4025FB5E1CA8F0AD0083F598 /* SinaWeiboPersonalPageTests */ = {
			isa = PBXNativeTarget;
			buildConfigurationList = 4025FB761CA8F0AE0083F598 /* Build configuration list for PBXNativeTarget "SinaWeiboPersonalPageTests" */;
			buildPhases = (
				4025FB5B1CA8F0AD0083F598 /* Sources */,
				4025FB5C1CA8F0AD0083F598 /* Frameworks */,
				4025FB5D1CA8F0AD0083F598 /* Resources */,
			);
			buildRules = (
			);
			dependencies = (
				4025FB611CA8F0AD0083F598 /* PBXTargetDependency */,
			);
			name = SinaWeiboPersonalPageTests;
			productName = SinaWeiboPersonalPageTests;
			productReference = 4025FB5F1CA8F0AD0083F598 /* SinaWeiboPersonalPageTests.xctest */;
			productType = "com.apple.product-type.bundle.unit-test";
		};
		4025FB691CA8F0AE0083F598 /* SinaWeiboPersonalPageUITests */ = {
			isa = PBXNativeTarget;
			buildConfigurationList = 4025FB791CA8F0AE0083F598 /* Build configuration list for PBXNativeTarget "SinaWeiboPersonalPageUITests" */;
			buildPhases = (
				4025FB661CA8F0AE0083F598 /* Sources */,
				4025FB671CA8F0AE0083F598 /* Frameworks */,
				4025FB681CA8F0AE0083F598 /* Resources */,
			);
			buildRules = (
			);
			dependencies = (
				4025FB6C1CA8F0AE0083F598 /* PBXTargetDependency */,
			);
			name = SinaWeiboPersonalPageUITests;
			productName = SinaWeiboPersonalPageUITests;
			productReference = 4025FB6A1CA8F0AE0083F598 /* SinaWeiboPersonalPageUITests.xctest */;
			productType = "com.apple.product-type.bundle.ui-testing";
		};
/* End PBXNativeTarget section */

/* Begin PBXProject section */
		4025FB431CA8F0AD0083F598 /* Project object */ = {
			isa = PBXProject;
			attributes = {
				LastSwiftUpdateCheck = 0720;
				LastUpgradeCheck = 0720;
				ORGANIZATIONNAME = "臧其龙";
				TargetAttributes = {
					4025FB4A1CA8F0AD0083F598 = {
						CreatedOnToolsVersion = 7.2.1;
						DevelopmentTeam = Q5XLH7TT69;
					};
					4025FB5E1CA8F0AD0083F598 = {
						CreatedOnToolsVersion = 7.2.1;
						TestTargetID = 4025FB4A1CA8F0AD0083F598;
					};
					4025FB691CA8F0AE0083F598 = {
						CreatedOnToolsVersion = 7.2.1;
						TestTargetID = 4025FB4A1CA8F0AD0083F598;
					};
				};
			};
			buildConfigurationList = 4025FB461CA8F0AD0083F598 /* Build configuration list for PBXProject "SinaWeiboPersonalPage" */;
			compatibilityVersion = "Xcode 3.2";
			developmentRegion = English;
			hasScannedForEncodings = 0;
			knownRegions = (
				en,
				Base,
			);
			mainGroup = 4025FB421CA8F0AD0083F598;
			productRefGroup = 4025FB4C1CA8F0AD0083F598 /* Products */;
			projectDirPath = "";
			projectRoot = "";
			targets = (
				4025FB4A1CA8F0AD0083F598 /* SinaWeiboPersonalPage */,
				4025FB5E1CA8F0AD0083F598 /* SinaWeiboPersonalPageTests */,
				4025FB691CA8F0AE0083F598 /* SinaWeiboPersonalPageUITests */,
			);
		};
/* End PBXProject section */

/* Begin PBXResourcesBuildPhase section */
		4025FB491CA8F0AD0083F598 /* Resources */ = {
			isa = PBXResourcesBuildPhase;
			buildActionMask = 2147483647;
			files = (
				4025FB591CA8F0AD0083F598 /* LaunchScreen.storyboard in Resources */,
				4025FB9D1CA90AFC0083F598 /* NormalWeiboTableViewCell.xib in Resources */,
				18F25AD41CAB784400E52008 /* HeadView.xib in Resources */,
				4025FB8A1CA8FED20083F598 /* wuyanzu.jpg in Resources */,
				4025FB561CA8F0AD0083F598 /* Assets.xcassets in Resources */,
				4025FB911CA9000F0083F598 /* HotWeiboTableViewCell.xib in Resources */,
				4025FB541CA8F0AD0083F598 /* Main.storyboard in Resources */,
			);
			runOnlyForDeploymentPostprocessing = 0;
		};
		4025FB5D1CA8F0AD0083F598 /* Resources */ = {
			isa = PBXResourcesBuildPhase;
			buildActionMask = 2147483647;
			files = (
			);
			runOnlyForDeploymentPostprocessing = 0;
		};
		4025FB681CA8F0AE0083F598 /* Resources */ = {
			isa = PBXResourcesBuildPhase;
			buildActionMask = 2147483647;
			files = (
			);
			runOnlyForDeploymentPostprocessing = 0;
		};
/* End PBXResourcesBuildPhase section */

/* Begin PBXSourcesBuildPhase section */
		4025FB471CA8F0AD0083F598 /* Sources */ = {
			isa = PBXSourcesBuildPhase;
			buildActionMask = 2147483647;
			files = (
				4025FB841CA8FC960083F598 /* PersonalTableViewController.swift in Sources */,
				4025FB8F1CA8FFFB0083F598 /* HotWeiboTableViewCell.swift in Sources */,
				4025FB801CA8F8850083F598 /* UIViewController+ChildExtension.swift in Sources */,
				4025FB511CA8F0AD0083F598 /* ViewController.swift in Sources */,
				4025FB8D1CA8FF2B0083F598 /* AppConstants.swift in Sources */,
				4025FB4F1CA8F0AD0083F598 /* AppDelegate.swift in Sources */,
				4025FB7D1CA8F1290083F598 /* PersonPageViewController.swift in Sources */,
				4025FB971CA907A60083F598 /* SwitchView.swift in Sources */,
				4025FB951CA901250083F598 /* ReuseIdentifierProtocol.swift in Sources */,
				4025FB991CA90AAA0083F598 /* WeiboTableViewController.swift in Sources */,
				18F25AD21CAB783400E52008 /* HeadView.swift in Sources */,
				4025FB9B1CA90AEA0083F598 /* NormalWeiboTableViewCell.swift in Sources */,
			);
			runOnlyForDeploymentPostprocessing = 0;
		};
		4025FB5B1CA8F0AD0083F598 /* Sources */ = {
			isa = PBXSourcesBuildPhase;
			buildActionMask = 2147483647;
			files = (
				4025FB641CA8F0AD0083F598 /* SinaWeiboPersonalPageTests.swift in Sources */,
			);
			runOnlyForDeploymentPostprocessing = 0;
		};
		4025FB661CA8F0AE0083F598 /* Sources */ = {
			isa = PBXSourcesBuildPhase;
			buildActionMask = 2147483647;
			files = (
				4025FB6F1CA8F0AE0083F598 /* SinaWeiboPersonalPageUITests.swift in Sources */,
			);
			runOnlyForDeploymentPostprocessing = 0;
		};
/* End PBXSourcesBuildPhase section */

/* Begin PBXTargetDependency section */
		4025FB611CA8F0AD0083F598 /* PBXTargetDependency */ = {
			isa = PBXTargetDependency;
			target = 4025FB4A1CA8F0AD0083F598 /* SinaWeiboPersonalPage */;
			targetProxy = 4025FB601CA8F0AD0083F598 /* PBXContainerItemProxy */;
		};
		4025FB6C1CA8F0AE0083F598 /* PBXTargetDependency */ = {
			isa = PBXTargetDependency;
			target = 4025FB4A1CA8F0AD0083F598 /* SinaWeiboPersonalPage */;
			targetProxy = 4025FB6B1CA8F0AE0083F598 /* PBXContainerItemProxy */;
		};
/* End PBXTargetDependency section */

/* Begin PBXVariantGroup section */
		4025FB521CA8F0AD0083F598 /* Main.storyboard */ = {
			isa = PBXVariantGroup;
			children = (
				4025FB531CA8F0AD0083F598 /* Base */,
			);
			name = Main.storyboard;
			sourceTree = "<group>";
		};
		4025FB571CA8F0AD0083F598 /* LaunchScreen.storyboard */ = {
			isa = PBXVariantGroup;
			children = (
				4025FB581CA8F0AD0083F598 /* Base */,
			);
			name = LaunchScreen.storyboard;
			sourceTree = "<group>";
		};
/* End PBXVariantGroup section */

/* Begin XCBuildConfiguration section */
		4025FB711CA8F0AE0083F598 /* Debug */ = {
			isa = XCBuildConfiguration;
			buildSettings = {
				ALWAYS_SEARCH_USER_PATHS = NO;
				CLANG_CXX_LANGUAGE_STANDARD = "gnu++0x";
				CLANG_CXX_LIBRARY = "libc++";
				CLANG_ENABLE_MODULES = YES;
				CLANG_ENABLE_OBJC_ARC = YES;
				CLANG_WARN_BOOL_CONVERSION = YES;
				CLANG_WARN_CONSTANT_CONVERSION = YES;
				CLANG_WARN_DIRECT_OBJC_ISA_USAGE = YES_ERROR;
				CLANG_WARN_EMPTY_BODY = YES;
				CLANG_WARN_ENUM_CONVERSION = YES;
				CLANG_WARN_INT_CONVERSION = YES;
				CLANG_WARN_OBJC_ROOT_CLASS = YES_ERROR;
				CLANG_WARN_UNREACHABLE_CODE = YES;
				CLANG_WARN__DUPLICATE_METHOD_MATCH = YES;
				"CODE_SIGN_IDENTITY[sdk=iphoneos*]" = "iPhone Developer";
				COPY_PHASE_STRIP = NO;
				DEBUG_INFORMATION_FORMAT = dwarf;
				ENABLE_STRICT_OBJC_MSGSEND = YES;
				ENABLE_TESTABILITY = YES;
				GCC_C_LANGUAGE_STANDARD = gnu99;
				GCC_DYNAMIC_NO_PIC = NO;
				GCC_NO_COMMON_BLOCKS = YES;
				GCC_OPTIMIZATION_LEVEL = 0;
				GCC_PREPROCESSOR_DEFINITIONS = (
					"DEBUG=1",
					"$(inherited)",
				);
				GCC_WARN_64_TO_32_BIT_CONVERSION = YES;
				GCC_WARN_ABOUT_RETURN_TYPE = YES_ERROR;
				GCC_WARN_UNDECLARED_SELECTOR = YES;
				GCC_WARN_UNINITIALIZED_AUTOS = YES_AGGRESSIVE;
				GCC_WARN_UNUSED_FUNCTION = YES;
				GCC_WARN_UNUSED_VARIABLE = YES;
				IPHONEOS_DEPLOYMENT_TARGET = 9.2;
				MTL_ENABLE_DEBUG_INFO = YES;
				ONLY_ACTIVE_ARCH = YES;
				SDKROOT = iphoneos;
				SWIFT_OPTIMIZATION_LEVEL = "-Onone";
				TARGETED_DEVICE_FAMILY = "1,2";
			};
			name = Debug;
		};
		4025FB721CA8F0AE0083F598 /* Release */ = {
			isa = XCBuildConfiguration;
			buildSettings = {
				ALWAYS_SEARCH_USER_PATHS = NO;
				CLANG_CXX_LANGUAGE_STANDARD = "gnu++0x";
				CLANG_CXX_LIBRARY = "libc++";
				CLANG_ENABLE_MODULES = YES;
				CLANG_ENABLE_OBJC_ARC = YES;
				CLANG_WARN_BOOL_CONVERSION = YES;
				CLANG_WARN_CONSTANT_CONVERSION = YES;
				CLANG_WARN_DIRECT_OBJC_ISA_USAGE = YES_ERROR;
				CLANG_WARN_EMPTY_BODY = YES;
				CLANG_WARN_ENUM_CONVERSION = YES;
				CLANG_WARN_INT_CONVERSION = YES;
				CLANG_WARN_OBJC_ROOT_CLASS = YES_ERROR;
				CLANG_WARN_UNREACHABLE_CODE = YES;
				CLANG_WARN__DUPLICATE_METHOD_MATCH = YES;
				"CODE_SIGN_IDENTITY[sdk=iphoneos*]" = "iPhone Developer";
				COPY_PHASE_STRIP = NO;
				DEBUG_INFORMATION_FORMAT = "dwarf-with-dsym";
				ENABLE_NS_ASSERTIONS = NO;
				ENABLE_STRICT_OBJC_MSGSEND = YES;
				GCC_C_LANGUAGE_STANDARD = gnu99;
				GCC_NO_COMMON_BLOCKS = YES;
				GCC_WARN_64_TO_32_BIT_CONVERSION = YES;
				GCC_WARN_ABOUT_RETURN_TYPE = YES_ERROR;
				GCC_WARN_UNDECLARED_SELECTOR = YES;
				GCC_WARN_UNINITIALIZED_AUTOS = YES_AGGRESSIVE;
				GCC_WARN_UNUSED_FUNCTION = YES;
				GCC_WARN_UNUSED_VARIABLE = YES;
				IPHONEOS_DEPLOYMENT_TARGET = 9.2;
				MTL_ENABLE_DEBUG_INFO = NO;
				SDKROOT = iphoneos;
				TARGETED_DEVICE_FAMILY = "1,2";
				VALIDATE_PRODUCT = YES;
			};
			name = Release;
		};
		4025FB741CA8F0AE0083F598 /* Debug */ = {
			isa = XCBuildConfiguration;
			buildSettings = {
				ASSETCATALOG_COMPILER_APPICON_NAME = AppIcon;
				CODE_SIGN_IDENTITY = "iPhone Developer";
				"CODE_SIGN_IDENTITY[sdk=iphoneos*]" = "iPhone Developer";
				INFOPLIST_FILE = SinaWeiboPersonalPage/Info.plist;
				IPHONEOS_DEPLOYMENT_TARGET = 9.0;
				LD_RUNPATH_SEARCH_PATHS = "$(inherited) @executable_path/Frameworks";
				PRODUCT_BUNDLE_IDENTIFIER = com.zangqilong.SinaWeiboPersonalPage;
				PRODUCT_NAME = "$(TARGET_NAME)";
				PROVISIONING_PROFILE = "";
			};
			name = Debug;
		};
		4025FB751CA8F0AE0083F598 /* Release */ = {
			isa = XCBuildConfiguration;
			buildSettings = {
				ASSETCATALOG_COMPILER_APPICON_NAME = AppIcon;
				CODE_SIGN_IDENTITY = "iPhone Developer";
				"CODE_SIGN_IDENTITY[sdk=iphoneos*]" = "iPhone Developer";
				INFOPLIST_FILE = SinaWeiboPersonalPage/Info.plist;
				IPHONEOS_DEPLOYMENT_TARGET = 9.0;
				LD_RUNPATH_SEARCH_PATHS = "$(inherited) @executable_path/Frameworks";
				PRODUCT_BUNDLE_IDENTIFIER = com.zangqilong.SinaWeiboPersonalPage;
				PRODUCT_NAME = "$(TARGET_NAME)";
				PROVISIONING_PROFILE = "";
			};
			name = Release;
		};
		4025FB771CA8F0AE0083F598 /* Debug */ = {
			isa = XCBuildConfiguration;
			buildSettings = {
				BUNDLE_LOADER = "$(TEST_HOST)";
				INFOPLIST_FILE = SinaWeiboPersonalPageTests/Info.plist;
				LD_RUNPATH_SEARCH_PATHS = "$(inherited) @executable_path/Frameworks @loader_path/Frameworks";
				PRODUCT_BUNDLE_IDENTIFIER = com.zangqilong.SinaWeiboPersonalPageTests;
				PRODUCT_NAME = "$(TARGET_NAME)";
				TEST_HOST = "$(BUILT_PRODUCTS_DIR)/SinaWeiboPersonalPage.app/SinaWeiboPersonalPage";
			};
			name = Debug;
		};
		4025FB781CA8F0AE0083F598 /* Release */ = {
			isa = XCBuildConfiguration;
			buildSettings = {
				BUNDLE_LOADER = "$(TEST_HOST)";
				INFOPLIST_FILE = SinaWeiboPersonalPageTests/Info.plist;
				LD_RUNPATH_SEARCH_PATHS = "$(inherited) @executable_path/Frameworks @loader_path/Frameworks";
				PRODUCT_BUNDLE_IDENTIFIER = com.zangqilong.SinaWeiboPersonalPageTests;
				PRODUCT_NAME = "$(TARGET_NAME)";
				TEST_HOST = "$(BUILT_PRODUCTS_DIR)/SinaWeiboPersonalPage.app/SinaWeiboPersonalPage";
			};
			name = Release;
		};
		4025FB7A1CA8F0AE0083F598 /* Debug */ = {
			isa = XCBuildConfiguration;
			buildSettings = {
				INFOPLIST_FILE = SinaWeiboPersonalPageUITests/Info.plist;
				LD_RUNPATH_SEARCH_PATHS = "$(inherited) @executable_path/Frameworks @loader_path/Frameworks";
				PRODUCT_BUNDLE_IDENTIFIER = com.zangqilong.SinaWeiboPersonalPageUITests;
				PRODUCT_NAME = "$(TARGET_NAME)";
				TEST_TARGET_NAME = SinaWeiboPersonalPage;
				USES_XCTRUNNER = YES;
			};
			name = Debug;
		};
		4025FB7B1CA8F0AE0083F598 /* Release */ = {
			isa = XCBuildConfiguration;
			buildSettings = {
				INFOPLIST_FILE = SinaWeiboPersonalPageUITests/Info.plist;
				LD_RUNPATH_SEARCH_PATHS = "$(inherited) @executable_path/Frameworks @loader_path/Frameworks";
				PRODUCT_BUNDLE_IDENTIFIER = com.zangqilong.SinaWeiboPersonalPageUITests;
				PRODUCT_NAME = "$(TARGET_NAME)";
				TEST_TARGET_NAME = SinaWeiboPersonalPage;
				USES_XCTRUNNER = YES;
			};
			name = Release;
		};
/* End XCBuildConfiguration section */

/* Begin XCConfigurationList section */
		4025FB461CA8F0AD0083F598 /* Build configuration list for PBXProject "SinaWeiboPersonalPage" */ = {
			isa = XCConfigurationList;
			buildConfigurations = (
				4025FB711CA8F0AE0083F598 /* Debug */,
				4025FB721CA8F0AE0083F598 /* Release */,
			);
			defaultConfigurationIsVisible = 0;
			defaultConfigurationName = Release;
		};
		4025FB731CA8F0AE0083F598 /* Build configuration list for PBXNativeTarget "SinaWeiboPersonalPage" */ = {
			isa = XCConfigurationList;
			buildConfigurations = (
				4025FB741CA8F0AE0083F598 /* Debug */,
				4025FB751CA8F0AE0083F598 /* Release */,
			);
			defaultConfigurationIsVisible = 0;
			defaultConfigurationName = Release;
		};
		4025FB761CA8F0AE0083F598 /* Build configuration list for PBXNativeTarget "SinaWeiboPersonalPageTests" */ = {
			isa = XCConfigurationList;
			buildConfigurations = (
				4025FB771CA8F0AE0083F598 /* Debug */,
				4025FB781CA8F0AE0083F598 /* Release */,
			);
			defaultConfigurationIsVisible = 0;
			defaultConfigurationName = Release;
		};
		4025FB791CA8F0AE0083F598 /* Build configuration list for PBXNativeTarget "SinaWeiboPersonalPageUITests" */ = {
			isa = XCConfigurationList;
			buildConfigurations = (
				4025FB7A1CA8F0AE0083F598 /* Debug */,
				4025FB7B1CA8F0AE0083F598 /* Release */,
			);
			defaultConfigurationIsVisible = 0;
			defaultConfigurationName = Release;
		};
/* End XCConfigurationList section */
	};
	rootObject = 4025FB431CA8F0AD0083F598 /* Project object */;
}
